
Microsoft Visual Studio Solution File, Format Version 12.00
# Visual Studio Version 16
VisualStudioVersion = 16.0.30105.148
MinimumVisualStudioVersion = 10.0.40219.1
Project("{FAE04EC0-301F-11D3-BF4B-00C04F79EFBC}") = "RecursiveArraySum", "RecursiveArraySum\RecursiveArraySum.csproj", "{AEA57679-F1B6-4030-AC2D-50F19701F072}"
EndProject
Project("{FAE04EC0-301F-11D3-BF4B-00C04F79EFBC}") = "RecursiveFactorial", "RecursiveFactorial\RecursiveFactorial.csproj", "{3426AB4C-DE74-463D-8C07-047DD89BBD19}"
EndProject
Project("{FAE04EC0-301F-11D3-BF4B-00C04F79EFBC}") = "SumOfCoins", "SumOfCoins\SumOfCoins.csproj", "{270741B9-B7F6-48FF-AB60-B66E873E9C5E}"
EndProject
Global
	GlobalSection(SolutionConfigurationPlatforms) = preSolution
		Debug|Any CPU = Debug|Any CPU
		Release|Any CPU = Release|Any CPU
	EndGlobalSection
	GlobalSection(ProjectConfigurationPlatforms) = postSolution
		{AEA57679-F1B6-4030-AC2D-50F19701F072}.Debug|Any CPU.ActiveCfg = Debug|Any CPU
		{AEA57679-F1B6-4030-AC2D-50F19701F072}.Debug|Any CPU.Build.0 = Debug|Any CPU
		{AEA57679-F1B6-4030-AC2D-50F19701F072}.Release|Any CPU.ActiveCfg = Release|Any CPU
		{AEA57679-F1B6-4030-AC2D-50F19701F072}.Release|Any CPU.Build.0 = Release|Any CPU
		{3426AB4C-DE74-463D-8C07-047DD89BBD19}.Debug|Any CPU.ActiveCfg = Debug|Any CPU
		{3426AB4C-DE74-463D-8C07-047DD89BBD19}.Debug|Any CPU.Build.0 = Debug|Any CPU
		{3426AB4C-DE74-463D-8C07-047DD89BBD19}.Release|Any CPU.ActiveCfg = Release|Any CPU
		{3426AB4C-DE74-463D-8C07-047DD89BBD19}.Release|Any CPU.Build.0 = Release|Any CPU
		{270741B9-B7F6-48FF-AB60-B66E873E9C5E}.Debug|Any CPU.ActiveCfg = Debug|Any CPU
		{270741B9-B7F6-48FF-AB60-B66E873E9C5E}.Debug|Any CPU.Build.0 = Debug|Any CPU
		{270741B9-B7F6-48FF-AB60-B66E873E9C5E}.Release|Any CPU.ActiveCfg = Release|Any CPU
		{270741B9-B7F6-48FF-AB60-B66E873E9C5E}.Release|Any CPU.Build.0 = Release|Any CPU
	EndGlobalSection
	GlobalSection(SolutionProperties) = preSolution
		HideSolutionNode = FALSE
	EndGlobalSection
	GlobalSection(ExtensibilityGlobals) = postSolution
		SolutionGuid = {A85139FC-4776-435C-87EA-4C23FD00640B}
	EndGlobalSection
EndGlobal
