
Microsoft Visual Studio Solution File, Format Version 12.00
# Visual Studio Version 16
VisualStudioVersion = 16.0.30001.183
MinimumVisualStudioVersion = 10.0.40219.1
Project("{9A19103F-16F7-4668-BE54-9A1E7A4F7556}") = "ActionPrint", "ActionPrint\ActionPrint.csproj", "{97610B9C-8532-4535-8FFD-E0C29EAD8A60}"
EndProject
Project("{9A19103F-16F7-4668-BE54-9A1E7A4F7556}") = "KnightsOfHonor", "KnightsOfHonor\KnightsOfHonor.csproj", "{EFD34C30-F0A7-47F8-87FF-60B508ECAB7C}"
EndProject
Project("{9A19103F-16F7-4668-BE54-9A1E7A4F7556}") = "CustomMinFunction", "CustomMinFunction\CustomMinFunction.csproj", "{5D9BD325-D83E-4521-A89A-F371DCEA5C49}"
EndProject
Project("{FAE04EC0-301F-11D3-BF4B-00C04F79EFBC}") = "FindEvensOrOdds", "FindEvensOrOdds\FindEvensOrOdds.csproj", "{F48BF172-17CF-48BC-90B3-D3CF6C044454}"
EndProject
Global
	GlobalSection(SolutionConfigurationPlatforms) = preSolution
		Debug|Any CPU = Debug|Any CPU
		Release|Any CPU = Release|Any CPU
	EndGlobalSection
	GlobalSection(ProjectConfigurationPlatforms) = postSolution
		{97610B9C-8532-4535-8FFD-E0C29EAD8A60}.Debug|Any CPU.ActiveCfg = Debug|Any CPU
		{97610B9C-8532-4535-8FFD-E0C29EAD8A60}.Debug|Any CPU.Build.0 = Debug|Any CPU
		{97610B9C-8532-4535-8FFD-E0C29EAD8A60}.Release|Any CPU.ActiveCfg = Release|Any CPU
		{97610B9C-8532-4535-8FFD-E0C29EAD8A60}.Release|Any CPU.Build.0 = Release|Any CPU
		{EFD34C30-F0A7-47F8-87FF-60B508ECAB7C}.Debug|Any CPU.ActiveCfg = Debug|Any CPU
		{EFD34C30-F0A7-47F8-87FF-60B508ECAB7C}.Debug|Any CPU.Build.0 = Debug|Any CPU
		{EFD34C30-F0A7-47F8-87FF-60B508ECAB7C}.Release|Any CPU.ActiveCfg = Release|Any CPU
		{EFD34C30-F0A7-47F8-87FF-60B508ECAB7C}.Release|Any CPU.Build.0 = Release|Any CPU
		{5D9BD325-D83E-4521-A89A-F371DCEA5C49}.Debug|Any CPU.ActiveCfg = Debug|Any CPU
		{5D9BD325-D83E-4521-A89A-F371DCEA5C49}.Debug|Any CPU.Build.0 = Debug|Any CPU
		{5D9BD325-D83E-4521-A89A-F371DCEA5C49}.Release|Any CPU.ActiveCfg = Release|Any CPU
		{5D9BD325-D83E-4521-A89A-F371DCEA5C49}.Release|Any CPU.Build.0 = Release|Any CPU
		{F48BF172-17CF-48BC-90B3-D3CF6C044454}.Debug|Any CPU.ActiveCfg = Debug|Any CPU
		{F48BF172-17CF-48BC-90B3-D3CF6C044454}.Debug|Any CPU.Build.0 = Debug|Any CPU
		{F48BF172-17CF-48BC-90B3-D3CF6C044454}.Release|Any CPU.ActiveCfg = Release|Any CPU
		{F48BF172-17CF-48BC-90B3-D3CF6C044454}.Release|Any CPU.Build.0 = Release|Any CPU
	EndGlobalSection
	GlobalSection(SolutionProperties) = preSolution
		HideSolutionNode = FALSE
	EndGlobalSection
	GlobalSection(ExtensibilityGlobals) = postSolution
		SolutionGuid = {D003E61B-A281-4F78-86FC-8D8E71A685E0}
	EndGlobalSection
EndGlobal
