
Microsoft Visual Studio Solution File, Format Version 12.00
# Visual Studio Version 16
VisualStudioVersion = 16.0.30223.230
MinimumVisualStudioVersion = 10.0.40219.1
Project("{FAE04EC0-301F-11D3-BF4B-00C04F79EFBC}") = "PersonInfo", "PersonInfo\PersonInfo.csproj", "{B105A67B-13B8-4D80-B1C9-CAC92E350341}"
EndProject
Project("{FAE04EC0-301F-11D3-BF4B-00C04F79EFBC}") = "MultipleImplementationPersonInfo", "MultipleImplementationPersonInfo\MultipleImplementationPersonInfo.csproj", "{B492A488-9C08-48BF-B325-38ACC1D4DE66}"
EndProject
Project("{FAE04EC0-301F-11D3-BF4B-00C04F79EFBC}") = "Telephony", "Telephony\Telephony.csproj", "{995A6438-DBD9-44FE-9098-F0D8EDE0C076}"
EndProject
Project("{FAE04EC0-301F-11D3-BF4B-00C04F79EFBC}") = "BorderControl", "BorderControl\BorderControl.csproj", "{E0420DC4-B4C6-405B-93FD-ED1AEDD6E91D}"
EndProject
Project("{FAE04EC0-301F-11D3-BF4B-00C04F79EFBC}") = "BirthdayCelebrations", "BirthdayCelebrations\BirthdayCelebrations.csproj", "{1EF65A57-345B-4D9C-876D-8DA2C829EDFD}"
EndProject
Project("{FAE04EC0-301F-11D3-BF4B-00C04F79EFBC}") = "FoodShortage", "FoodShortage\FoodShortage.csproj", "{DE1FF295-6A77-402C-B548-94305BA79AB1}"
EndProject
Project("{FAE04EC0-301F-11D3-BF4B-00C04F79EFBC}") = "MilitaryElite", "MilitaryElite\MilitaryElite.csproj", "{D0964558-839B-4B8A-9140-06EFC45B1D73}"
EndProject
Project("{FAE04EC0-301F-11D3-BF4B-00C04F79EFBC}") = "CollectionHierarchy", "CollectionHierarchy\CollectionHierarchy.csproj", "{9E788289-C7E1-445D-9B36-5930BAA47846}"
EndProject
Project("{FAE04EC0-301F-11D3-BF4B-00C04F79EFBC}") = "ExplicitInterfaces", "ExplicitInterfaces\ExplicitInterfaces.csproj", "{67BD0163-C418-43DF-A362-419908CB6E02}"
EndProject
Global
	GlobalSection(SolutionConfigurationPlatforms) = preSolution
		Debug|Any CPU = Debug|Any CPU
		Release|Any CPU = Release|Any CPU
	EndGlobalSection
	GlobalSection(ProjectConfigurationPlatforms) = postSolution
		{B105A67B-13B8-4D80-B1C9-CAC92E350341}.Debug|Any CPU.ActiveCfg = Debug|Any CPU
		{B105A67B-13B8-4D80-B1C9-CAC92E350341}.Debug|Any CPU.Build.0 = Debug|Any CPU
		{B105A67B-13B8-4D80-B1C9-CAC92E350341}.Release|Any CPU.ActiveCfg = Release|Any CPU
		{B105A67B-13B8-4D80-B1C9-CAC92E350341}.Release|Any CPU.Build.0 = Release|Any CPU
		{B492A488-9C08-48BF-B325-38ACC1D4DE66}.Debug|Any CPU.ActiveCfg = Debug|Any CPU
		{B492A488-9C08-48BF-B325-38ACC1D4DE66}.Debug|Any CPU.Build.0 = Debug|Any CPU
		{B492A488-9C08-48BF-B325-38ACC1D4DE66}.Release|Any CPU.ActiveCfg = Release|Any CPU
		{B492A488-9C08-48BF-B325-38ACC1D4DE66}.Release|Any CPU.Build.0 = Release|Any CPU
		{995A6438-DBD9-44FE-9098-F0D8EDE0C076}.Debug|Any CPU.ActiveCfg = Debug|Any CPU
		{995A6438-DBD9-44FE-9098-F0D8EDE0C076}.Debug|Any CPU.Build.0 = Debug|Any CPU
		{995A6438-DBD9-44FE-9098-F0D8EDE0C076}.Release|Any CPU.ActiveCfg = Release|Any CPU
		{995A6438-DBD9-44FE-9098-F0D8EDE0C076}.Release|Any CPU.Build.0 = Release|Any CPU
		{E0420DC4-B4C6-405B-93FD-ED1AEDD6E91D}.Debug|Any CPU.ActiveCfg = Debug|Any CPU
		{E0420DC4-B4C6-405B-93FD-ED1AEDD6E91D}.Debug|Any CPU.Build.0 = Debug|Any CPU
		{E0420DC4-B4C6-405B-93FD-ED1AEDD6E91D}.Release|Any CPU.ActiveCfg = Release|Any CPU
		{E0420DC4-B4C6-405B-93FD-ED1AEDD6E91D}.Release|Any CPU.Build.0 = Release|Any CPU
		{1EF65A57-345B-4D9C-876D-8DA2C829EDFD}.Debug|Any CPU.ActiveCfg = Debug|Any CPU
		{1EF65A57-345B-4D9C-876D-8DA2C829EDFD}.Debug|Any CPU.Build.0 = Debug|Any CPU
		{1EF65A57-345B-4D9C-876D-8DA2C829EDFD}.Release|Any CPU.ActiveCfg = Release|Any CPU
		{1EF65A57-345B-4D9C-876D-8DA2C829EDFD}.Release|Any CPU.Build.0 = Release|Any CPU
		{DE1FF295-6A77-402C-B548-94305BA79AB1}.Debug|Any CPU.ActiveCfg = Debug|Any CPU
		{DE1FF295-6A77-402C-B548-94305BA79AB1}.Debug|Any CPU.Build.0 = Debug|Any CPU
		{DE1FF295-6A77-402C-B548-94305BA79AB1}.Release|Any CPU.ActiveCfg = Release|Any CPU
		{DE1FF295-6A77-402C-B548-94305BA79AB1}.Release|Any CPU.Build.0 = Release|Any CPU
		{D0964558-839B-4B8A-9140-06EFC45B1D73}.Debug|Any CPU.ActiveCfg = Debug|Any CPU
		{D0964558-839B-4B8A-9140-06EFC45B1D73}.Debug|Any CPU.Build.0 = Debug|Any CPU
		{D0964558-839B-4B8A-9140-06EFC45B1D73}.Release|Any CPU.ActiveCfg = Release|Any CPU
		{D0964558-839B-4B8A-9140-06EFC45B1D73}.Release|Any CPU.Build.0 = Release|Any CPU
		{9E788289-C7E1-445D-9B36-5930BAA47846}.Debug|Any CPU.ActiveCfg = Debug|Any CPU
		{9E788289-C7E1-445D-9B36-5930BAA47846}.Debug|Any CPU.Build.0 = Debug|Any CPU
		{9E788289-C7E1-445D-9B36-5930BAA47846}.Release|Any CPU.ActiveCfg = Release|Any CPU
		{9E788289-C7E1-445D-9B36-5930BAA47846}.Release|Any CPU.Build.0 = Release|Any CPU
		{67BD0163-C418-43DF-A362-419908CB6E02}.Debug|Any CPU.ActiveCfg = Debug|Any CPU
		{67BD0163-C418-43DF-A362-419908CB6E02}.Debug|Any CPU.Build.0 = Debug|Any CPU
		{67BD0163-C418-43DF-A362-419908CB6E02}.Release|Any CPU.ActiveCfg = Release|Any CPU
		{67BD0163-C418-43DF-A362-419908CB6E02}.Release|Any CPU.Build.0 = Release|Any CPU
	EndGlobalSection
	GlobalSection(SolutionProperties) = preSolution
		HideSolutionNode = FALSE
	EndGlobalSection
	GlobalSection(ExtensibilityGlobals) = postSolution
		SolutionGuid = {044D561F-6A64-4DE6-9E84-8EA2B4918BD6}
	EndGlobalSection
EndGlobal
