
Microsoft Visual Studio Solution File, Format Version 12.00
# Visual Studio Version 16
VisualStudioVersion = 16.0.30001.183
MinimumVisualStudioVersion = 10.0.40219.1
Project("{FAE04EC0-301F-11D3-BF4B-00C04F79EFBC}") = "UniqueUsernames", "UniqueUsernames\UniqueUsernames.csproj", "{1AE23ACB-9696-4431-AE31-9DDEF9857139}"
EndProject
Project("{FAE04EC0-301F-11D3-BF4B-00C04F79EFBC}") = "SetsOfElements", "SetsOfElements\SetsOfElements.csproj", "{6D94C4FC-C8E7-445B-92DF-AB7B8708A86E}"
EndProject
Project("{FAE04EC0-301F-11D3-BF4B-00C04F79EFBC}") = "PeriodicTable", "PeriodicTable\PeriodicTable.csproj", "{6EE1A6D8-5F7D-4DDA-A152-58F7A5BFB4E9}"
EndProject
Project("{FAE04EC0-301F-11D3-BF4B-00C04F79EFBC}") = "EvenTimes", "EvenTimes\EvenTimes.csproj", "{F7D55F30-10EE-46D2-95F9-EFC2C08611DD}"
EndProject
Project("{FAE04EC0-301F-11D3-BF4B-00C04F79EFBC}") = "CountSymbols", "CountSymbols\CountSymbols.csproj", "{3DFF89A0-4ED0-433C-9106-49C9B9F8A8BB}"
EndProject
Global
	GlobalSection(SolutionConfigurationPlatforms) = preSolution
		Debug|Any CPU = Debug|Any CPU
		Release|Any CPU = Release|Any CPU
	EndGlobalSection
	GlobalSection(ProjectConfigurationPlatforms) = postSolution
		{1AE23ACB-9696-4431-AE31-9DDEF9857139}.Debug|Any CPU.ActiveCfg = Debug|Any CPU
		{1AE23ACB-9696-4431-AE31-9DDEF9857139}.Debug|Any CPU.Build.0 = Debug|Any CPU
		{1AE23ACB-9696-4431-AE31-9DDEF9857139}.Release|Any CPU.ActiveCfg = Release|Any CPU
		{1AE23ACB-9696-4431-AE31-9DDEF9857139}.Release|Any CPU.Build.0 = Release|Any CPU
		{6D94C4FC-C8E7-445B-92DF-AB7B8708A86E}.Debug|Any CPU.ActiveCfg = Debug|Any CPU
		{6D94C4FC-C8E7-445B-92DF-AB7B8708A86E}.Debug|Any CPU.Build.0 = Debug|Any CPU
		{6D94C4FC-C8E7-445B-92DF-AB7B8708A86E}.Release|Any CPU.ActiveCfg = Release|Any CPU
		{6D94C4FC-C8E7-445B-92DF-AB7B8708A86E}.Release|Any CPU.Build.0 = Release|Any CPU
		{6EE1A6D8-5F7D-4DDA-A152-58F7A5BFB4E9}.Debug|Any CPU.ActiveCfg = Debug|Any CPU
		{6EE1A6D8-5F7D-4DDA-A152-58F7A5BFB4E9}.Debug|Any CPU.Build.0 = Debug|Any CPU
		{6EE1A6D8-5F7D-4DDA-A152-58F7A5BFB4E9}.Release|Any CPU.ActiveCfg = Release|Any CPU
		{6EE1A6D8-5F7D-4DDA-A152-58F7A5BFB4E9}.Release|Any CPU.Build.0 = Release|Any CPU
		{F7D55F30-10EE-46D2-95F9-EFC2C08611DD}.Debug|Any CPU.ActiveCfg = Debug|Any CPU
		{F7D55F30-10EE-46D2-95F9-EFC2C08611DD}.Debug|Any CPU.Build.0 = Debug|Any CPU
		{F7D55F30-10EE-46D2-95F9-EFC2C08611DD}.Release|Any CPU.ActiveCfg = Release|Any CPU
		{F7D55F30-10EE-46D2-95F9-EFC2C08611DD}.Release|Any CPU.Build.0 = Release|Any CPU
		{3DFF89A0-4ED0-433C-9106-49C9B9F8A8BB}.Debug|Any CPU.ActiveCfg = Debug|Any CPU
		{3DFF89A0-4ED0-433C-9106-49C9B9F8A8BB}.Debug|Any CPU.Build.0 = Debug|Any CPU
		{3DFF89A0-4ED0-433C-9106-49C9B9F8A8BB}.Release|Any CPU.ActiveCfg = Release|Any CPU
		{3DFF89A0-4ED0-433C-9106-49C9B9F8A8BB}.Release|Any CPU.Build.0 = Release|Any CPU
	EndGlobalSection
	GlobalSection(SolutionProperties) = preSolution
		HideSolutionNode = FALSE
	EndGlobalSection
	GlobalSection(ExtensibilityGlobals) = postSolution
		SolutionGuid = {0B45F7C3-8929-44A9-BD44-EFC3438186BA}
	EndGlobalSection
EndGlobal
