
Microsoft Visual Studio Solution File, Format Version 12.00
# Visual Studio Version 16
VisualStudioVersion = 16.0.29911.98
MinimumVisualStudioVersion = 10.0.40219.1
Project("{9A19103F-16F7-4668-BE54-9A1E7A4F7556}") = "StackSum", "StackSum\StackSum.csproj", "{1879E848-7612-44E1-8692-3E57D82BC068}"
EndProject
Project("{9A19103F-16F7-4668-BE54-9A1E7A4F7556}") = "SimpleCalculator", "SimpleCalculator\SimpleCalculator.csproj", "{15BA0385-A50F-4A1E-AA19-86C45EA255AB}"
EndProject
Project("{9A19103F-16F7-4668-BE54-9A1E7A4F7556}") = "ReverseStrings", "ReverseStrings\ReverseStrings.csproj", "{98FEB7D5-2B49-4F74-815C-993ADF4B938F}"
EndProject
Project("{FAE04EC0-301F-11D3-BF4B-00C04F79EFBC}") = "MatchingBrackets", "MatchingBrackets\MatchingBrackets.csproj", "{5F4C3547-CDB6-4A1C-90EF-9E63D5840C55}"
EndProject
Project("{FAE04EC0-301F-11D3-BF4B-00C04F79EFBC}") = "PrintEvenNumbers", "PrintEvenNumbers\PrintEvenNumbers.csproj", "{F69AF35F-1FA9-49A5-912F-F43222E5FB2F}"
EndProject
Project("{FAE04EC0-301F-11D3-BF4B-00C04F79EFBC}") = "Supermarket", "Supermarket\Supermarket.csproj", "{2AFAF714-F9D6-4FE4-B8F9-3F4B743203FA}"
EndProject
Project("{FAE04EC0-301F-11D3-BF4B-00C04F79EFBC}") = "HotPotato", "HotPotato\HotPotato.csproj", "{F0FDA9D8-65BC-4CCA-AC86-2C40931EB426}"
EndProject
Project("{FAE04EC0-301F-11D3-BF4B-00C04F79EFBC}") = "TrafficJam", "TrafficJam\TrafficJam.csproj", "{F840A8B2-0BD4-4235-8CB5-484F241CC0CF}"
EndProject
Global
	GlobalSection(SolutionConfigurationPlatforms) = preSolution
		Debug|Any CPU = Debug|Any CPU
		Release|Any CPU = Release|Any CPU
	EndGlobalSection
	GlobalSection(ProjectConfigurationPlatforms) = postSolution
		{1879E848-7612-44E1-8692-3E57D82BC068}.Debug|Any CPU.ActiveCfg = Debug|Any CPU
		{1879E848-7612-44E1-8692-3E57D82BC068}.Debug|Any CPU.Build.0 = Debug|Any CPU
		{1879E848-7612-44E1-8692-3E57D82BC068}.Release|Any CPU.ActiveCfg = Release|Any CPU
		{1879E848-7612-44E1-8692-3E57D82BC068}.Release|Any CPU.Build.0 = Release|Any CPU
		{15BA0385-A50F-4A1E-AA19-86C45EA255AB}.Debug|Any CPU.ActiveCfg = Debug|Any CPU
		{15BA0385-A50F-4A1E-AA19-86C45EA255AB}.Debug|Any CPU.Build.0 = Debug|Any CPU
		{15BA0385-A50F-4A1E-AA19-86C45EA255AB}.Release|Any CPU.ActiveCfg = Release|Any CPU
		{15BA0385-A50F-4A1E-AA19-86C45EA255AB}.Release|Any CPU.Build.0 = Release|Any CPU
		{98FEB7D5-2B49-4F74-815C-993ADF4B938F}.Debug|Any CPU.ActiveCfg = Debug|Any CPU
		{98FEB7D5-2B49-4F74-815C-993ADF4B938F}.Debug|Any CPU.Build.0 = Debug|Any CPU
		{98FEB7D5-2B49-4F74-815C-993ADF4B938F}.Release|Any CPU.ActiveCfg = Release|Any CPU
		{98FEB7D5-2B49-4F74-815C-993ADF4B938F}.Release|Any CPU.Build.0 = Release|Any CPU
		{5F4C3547-CDB6-4A1C-90EF-9E63D5840C55}.Debug|Any CPU.ActiveCfg = Debug|Any CPU
		{5F4C3547-CDB6-4A1C-90EF-9E63D5840C55}.Debug|Any CPU.Build.0 = Debug|Any CPU
		{5F4C3547-CDB6-4A1C-90EF-9E63D5840C55}.Release|Any CPU.ActiveCfg = Release|Any CPU
		{5F4C3547-CDB6-4A1C-90EF-9E63D5840C55}.Release|Any CPU.Build.0 = Release|Any CPU
		{F69AF35F-1FA9-49A5-912F-F43222E5FB2F}.Debug|Any CPU.ActiveCfg = Debug|Any CPU
		{F69AF35F-1FA9-49A5-912F-F43222E5FB2F}.Debug|Any CPU.Build.0 = Debug|Any CPU
		{F69AF35F-1FA9-49A5-912F-F43222E5FB2F}.Release|Any CPU.ActiveCfg = Release|Any CPU
		{F69AF35F-1FA9-49A5-912F-F43222E5FB2F}.Release|Any CPU.Build.0 = Release|Any CPU
		{2AFAF714-F9D6-4FE4-B8F9-3F4B743203FA}.Debug|Any CPU.ActiveCfg = Debug|Any CPU
		{2AFAF714-F9D6-4FE4-B8F9-3F4B743203FA}.Debug|Any CPU.Build.0 = Debug|Any CPU
		{2AFAF714-F9D6-4FE4-B8F9-3F4B743203FA}.Release|Any CPU.ActiveCfg = Release|Any CPU
		{2AFAF714-F9D6-4FE4-B8F9-3F4B743203FA}.Release|Any CPU.Build.0 = Release|Any CPU
		{F0FDA9D8-65BC-4CCA-AC86-2C40931EB426}.Debug|Any CPU.ActiveCfg = Debug|Any CPU
		{F0FDA9D8-65BC-4CCA-AC86-2C40931EB426}.Debug|Any CPU.Build.0 = Debug|Any CPU
		{F0FDA9D8-65BC-4CCA-AC86-2C40931EB426}.Release|Any CPU.ActiveCfg = Release|Any CPU
		{F0FDA9D8-65BC-4CCA-AC86-2C40931EB426}.Release|Any CPU.Build.0 = Release|Any CPU
		{F840A8B2-0BD4-4235-8CB5-484F241CC0CF}.Debug|Any CPU.ActiveCfg = Debug|Any CPU
		{F840A8B2-0BD4-4235-8CB5-484F241CC0CF}.Debug|Any CPU.Build.0 = Debug|Any CPU
		{F840A8B2-0BD4-4235-8CB5-484F241CC0CF}.Release|Any CPU.ActiveCfg = Release|Any CPU
		{F840A8B2-0BD4-4235-8CB5-484F241CC0CF}.Release|Any CPU.Build.0 = Release|Any CPU
	EndGlobalSection
	GlobalSection(SolutionProperties) = preSolution
		HideSolutionNode = FALSE
	EndGlobalSection
	GlobalSection(ExtensibilityGlobals) = postSolution
		SolutionGuid = {26AC443F-960B-484A-A716-AEBE7F727B05}
	EndGlobalSection
EndGlobal
