
Microsoft Visual Studio Solution File, Format Version 12.00
# Visual Studio Version 16
VisualStudioVersion = 16.0.30105.148
MinimumVisualStudioVersion = 10.0.40219.1
Project("{FAE04EC0-301F-11D3-BF4B-00C04F79EFBC}") = "SingleInheritance", "SingleInheritance\SingleInheritance.csproj", "{47907711-F3C8-4B9A-A322-CCE2AE97CF3F}"
EndProject
Project("{FAE04EC0-301F-11D3-BF4B-00C04F79EFBC}") = "MultipleInheritance", "MultipleInheritance\MultipleInheritance.csproj", "{C5A9AAA7-BFD0-4D22-86D1-2A001707F0B8}"
EndProject
Project("{FAE04EC0-301F-11D3-BF4B-00C04F79EFBC}") = "HierarchicalInheritance", "HierarchicalInheritance\HierarchicalInheritance.csproj", "{CF1D9DDF-FEA5-49A7-91F3-D90A7F25DC92}"
EndProject
Global
	GlobalSection(SolutionConfigurationPlatforms) = preSolution
		Debug|Any CPU = Debug|Any CPU
		Release|Any CPU = Release|Any CPU
	EndGlobalSection
	GlobalSection(ProjectConfigurationPlatforms) = postSolution
		{47907711-F3C8-4B9A-A322-CCE2AE97CF3F}.Debug|Any CPU.ActiveCfg = Debug|Any CPU
		{47907711-F3C8-4B9A-A322-CCE2AE97CF3F}.Debug|Any CPU.Build.0 = Debug|Any CPU
		{47907711-F3C8-4B9A-A322-CCE2AE97CF3F}.Release|Any CPU.ActiveCfg = Release|Any CPU
		{47907711-F3C8-4B9A-A322-CCE2AE97CF3F}.Release|Any CPU.Build.0 = Release|Any CPU
		{C5A9AAA7-BFD0-4D22-86D1-2A001707F0B8}.Debug|Any CPU.ActiveCfg = Debug|Any CPU
		{C5A9AAA7-BFD0-4D22-86D1-2A001707F0B8}.Debug|Any CPU.Build.0 = Debug|Any CPU
		{C5A9AAA7-BFD0-4D22-86D1-2A001707F0B8}.Release|Any CPU.ActiveCfg = Release|Any CPU
		{C5A9AAA7-BFD0-4D22-86D1-2A001707F0B8}.Release|Any CPU.Build.0 = Release|Any CPU
		{CF1D9DDF-FEA5-49A7-91F3-D90A7F25DC92}.Debug|Any CPU.ActiveCfg = Debug|Any CPU
		{CF1D9DDF-FEA5-49A7-91F3-D90A7F25DC92}.Debug|Any CPU.Build.0 = Debug|Any CPU
		{CF1D9DDF-FEA5-49A7-91F3-D90A7F25DC92}.Release|Any CPU.ActiveCfg = Release|Any CPU
		{CF1D9DDF-FEA5-49A7-91F3-D90A7F25DC92}.Release|Any CPU.Build.0 = Release|Any CPU
	EndGlobalSection
	GlobalSection(SolutionProperties) = preSolution
		HideSolutionNode = FALSE
	EndGlobalSection
	GlobalSection(ExtensibilityGlobals) = postSolution
		SolutionGuid = {60C4850C-7721-4E6E-B64E-ACB32E315CB6}
	EndGlobalSection
EndGlobal
