
Microsoft Visual Studio Solution File, Format Version 12.00
# Visual Studio Version 16
VisualStudioVersion = 16.0.30105.148
MinimumVisualStudioVersion = 10.0.40219.1
Project("{FAE04EC0-301F-11D3-BF4B-00C04F79EFBC}") = "GenericBoxOfString", "GenericBoxOfString\GenericBoxOfString.csproj", "{FEB234C6-19D0-4EBD-A8F6-3E420F8442E0}"
EndProject
Project("{FAE04EC0-301F-11D3-BF4B-00C04F79EFBC}") = "GenericBoxOfInteger", "GenericBoxOfInteger\GenericBoxOfInteger.csproj", "{BADC5578-70C2-4D1C-A8F9-E1A8EB179FC3}"
EndProject
Project("{FAE04EC0-301F-11D3-BF4B-00C04F79EFBC}") = "GenericSwapMethodString", "GenericSwapMethodString\GenericSwapMethodString.csproj", "{35B7902E-A916-4DFE-8F18-B280652B55AE}"
EndProject
Project("{FAE04EC0-301F-11D3-BF4B-00C04F79EFBC}") = "GenericSwapMethodInteger", "GenericSwapMethodInteger\GenericSwapMethodInteger.csproj", "{7B039C53-F4D2-4717-8E9D-F2A0D86B2FA2}"
EndProject
Project("{FAE04EC0-301F-11D3-BF4B-00C04F79EFBC}") = "GenericCountMethodString", "GenericCountMethodString\GenericCountMethodString.csproj", "{06909173-58D3-4878-9A00-1ABF7457480E}"
EndProject
Project("{FAE04EC0-301F-11D3-BF4B-00C04F79EFBC}") = "GenericCountMethodDouble", "GenericCountMethodDouble\GenericCountMethodDouble.csproj", "{7E8A4960-7C40-4FAB-B1A1-6F2759FC71BB}"
EndProject
Project("{FAE04EC0-301F-11D3-BF4B-00C04F79EFBC}") = "Tuple", "Tuple\Tuple.csproj", "{467E5DC4-EF9E-46EE-B881-54F2998C23C4}"
EndProject
Global
	GlobalSection(SolutionConfigurationPlatforms) = preSolution
		Debug|Any CPU = Debug|Any CPU
		Release|Any CPU = Release|Any CPU
	EndGlobalSection
	GlobalSection(ProjectConfigurationPlatforms) = postSolution
		{FEB234C6-19D0-4EBD-A8F6-3E420F8442E0}.Debug|Any CPU.ActiveCfg = Debug|Any CPU
		{FEB234C6-19D0-4EBD-A8F6-3E420F8442E0}.Debug|Any CPU.Build.0 = Debug|Any CPU
		{FEB234C6-19D0-4EBD-A8F6-3E420F8442E0}.Release|Any CPU.ActiveCfg = Release|Any CPU
		{FEB234C6-19D0-4EBD-A8F6-3E420F8442E0}.Release|Any CPU.Build.0 = Release|Any CPU
		{BADC5578-70C2-4D1C-A8F9-E1A8EB179FC3}.Debug|Any CPU.ActiveCfg = Debug|Any CPU
		{BADC5578-70C2-4D1C-A8F9-E1A8EB179FC3}.Debug|Any CPU.Build.0 = Debug|Any CPU
		{BADC5578-70C2-4D1C-A8F9-E1A8EB179FC3}.Release|Any CPU.ActiveCfg = Release|Any CPU
		{BADC5578-70C2-4D1C-A8F9-E1A8EB179FC3}.Release|Any CPU.Build.0 = Release|Any CPU
		{35B7902E-A916-4DFE-8F18-B280652B55AE}.Debug|Any CPU.ActiveCfg = Debug|Any CPU
		{35B7902E-A916-4DFE-8F18-B280652B55AE}.Debug|Any CPU.Build.0 = Debug|Any CPU
		{35B7902E-A916-4DFE-8F18-B280652B55AE}.Release|Any CPU.ActiveCfg = Release|Any CPU
		{35B7902E-A916-4DFE-8F18-B280652B55AE}.Release|Any CPU.Build.0 = Release|Any CPU
		{7B039C53-F4D2-4717-8E9D-F2A0D86B2FA2}.Debug|Any CPU.ActiveCfg = Debug|Any CPU
		{7B039C53-F4D2-4717-8E9D-F2A0D86B2FA2}.Debug|Any CPU.Build.0 = Debug|Any CPU
		{7B039C53-F4D2-4717-8E9D-F2A0D86B2FA2}.Release|Any CPU.ActiveCfg = Release|Any CPU
		{7B039C53-F4D2-4717-8E9D-F2A0D86B2FA2}.Release|Any CPU.Build.0 = Release|Any CPU
		{06909173-58D3-4878-9A00-1ABF7457480E}.Debug|Any CPU.ActiveCfg = Debug|Any CPU
		{06909173-58D3-4878-9A00-1ABF7457480E}.Debug|Any CPU.Build.0 = Debug|Any CPU
		{06909173-58D3-4878-9A00-1ABF7457480E}.Release|Any CPU.ActiveCfg = Release|Any CPU
		{06909173-58D3-4878-9A00-1ABF7457480E}.Release|Any CPU.Build.0 = Release|Any CPU
		{7E8A4960-7C40-4FAB-B1A1-6F2759FC71BB}.Debug|Any CPU.ActiveCfg = Debug|Any CPU
		{7E8A4960-7C40-4FAB-B1A1-6F2759FC71BB}.Debug|Any CPU.Build.0 = Debug|Any CPU
		{7E8A4960-7C40-4FAB-B1A1-6F2759FC71BB}.Release|Any CPU.ActiveCfg = Release|Any CPU
		{7E8A4960-7C40-4FAB-B1A1-6F2759FC71BB}.Release|Any CPU.Build.0 = Release|Any CPU
		{467E5DC4-EF9E-46EE-B881-54F2998C23C4}.Debug|Any CPU.ActiveCfg = Debug|Any CPU
		{467E5DC4-EF9E-46EE-B881-54F2998C23C4}.Debug|Any CPU.Build.0 = Debug|Any CPU
		{467E5DC4-EF9E-46EE-B881-54F2998C23C4}.Release|Any CPU.ActiveCfg = Release|Any CPU
		{467E5DC4-EF9E-46EE-B881-54F2998C23C4}.Release|Any CPU.Build.0 = Release|Any CPU
	EndGlobalSection
	GlobalSection(SolutionProperties) = preSolution
		HideSolutionNode = FALSE
	EndGlobalSection
	GlobalSection(ExtensibilityGlobals) = postSolution
		SolutionGuid = {F87270D3-E31E-4C01-B05A-ABFC149CC57A}
	EndGlobalSection
EndGlobal
