
Microsoft Visual Studio Solution File, Format Version 12.00
# Visual Studio Version 16
VisualStudioVersion = 16.0.30105.148
MinimumVisualStudioVersion = 10.0.40219.1
Project("{FAE04EC0-301F-11D3-BF4B-00C04F79EFBC}") = "GenericBoxOfString", "GenericBoxOfString\GenericBoxOfString.csproj", "{FEB234C6-19D0-4EBD-A8F6-3E420F8442E0}"
EndProject
Project("{FAE04EC0-301F-11D3-BF4B-00C04F79EFBC}") = "GenericBoxOfInteger", "GenericBoxOfInteger\GenericBoxOfInteger.csproj", "{BADC5578-70C2-4D1C-A8F9-E1A8EB179FC3}"
EndProject
Global
	GlobalSection(SolutionConfigurationPlatforms) = preSolution
		Debug|Any CPU = Debug|Any CPU
		Release|Any CPU = Release|Any CPU
	EndGlobalSection
	GlobalSection(ProjectConfigurationPlatforms) = postSolution
		{FEB234C6-19D0-4EBD-A8F6-3E420F8442E0}.Debug|Any CPU.ActiveCfg = Debug|Any CPU
		{FEB234C6-19D0-4EBD-A8F6-3E420F8442E0}.Debug|Any CPU.Build.0 = Debug|Any CPU
		{FEB234C6-19D0-4EBD-A8F6-3E420F8442E0}.Release|Any CPU.ActiveCfg = Release|Any CPU
		{FEB234C6-19D0-4EBD-A8F6-3E420F8442E0}.Release|Any CPU.Build.0 = Release|Any CPU
		{BADC5578-70C2-4D1C-A8F9-E1A8EB179FC3}.Debug|Any CPU.ActiveCfg = Debug|Any CPU
		{BADC5578-70C2-4D1C-A8F9-E1A8EB179FC3}.Debug|Any CPU.Build.0 = Debug|Any CPU
		{BADC5578-70C2-4D1C-A8F9-E1A8EB179FC3}.Release|Any CPU.ActiveCfg = Release|Any CPU
		{BADC5578-70C2-4D1C-A8F9-E1A8EB179FC3}.Release|Any CPU.Build.0 = Release|Any CPU
	EndGlobalSection
	GlobalSection(SolutionProperties) = preSolution
		HideSolutionNode = FALSE
	EndGlobalSection
	GlobalSection(ExtensibilityGlobals) = postSolution
		SolutionGuid = {F87270D3-E31E-4C01-B05A-ABFC149CC57A}
	EndGlobalSection
EndGlobal
