
Microsoft Visual Studio Solution File, Format Version 12.00
# Visual Studio Version 16
VisualStudioVersion = 16.0.30223.230
MinimumVisualStudioVersion = 10.0.40219.1
Project("{FAE04EC0-301F-11D3-BF4B-00C04F79EFBC}") = "BoxData", "BoxData\BoxData.csproj", "{944E500C-3378-4F37-BD13-49B8947788B8}"
EndProject
Project("{FAE04EC0-301F-11D3-BF4B-00C04F79EFBC}") = "AnimalFarm", "AnimalFarm\AnimalFarm.csproj", "{91FD683C-A348-4DE6-AF13-94358963BAE6}"
EndProject
Project("{FAE04EC0-301F-11D3-BF4B-00C04F79EFBC}") = "ShoppingSpree", "ShoppingSpree\ShoppingSpree.csproj", "{272AE1DE-B87B-4D8D-853E-C490F4ECE214}"
EndProject
Global
	GlobalSection(SolutionConfigurationPlatforms) = preSolution
		Debug|Any CPU = Debug|Any CPU
		Release|Any CPU = Release|Any CPU
	EndGlobalSection
	GlobalSection(ProjectConfigurationPlatforms) = postSolution
		{944E500C-3378-4F37-BD13-49B8947788B8}.Debug|Any CPU.ActiveCfg = Debug|Any CPU
		{944E500C-3378-4F37-BD13-49B8947788B8}.Debug|Any CPU.Build.0 = Debug|Any CPU
		{944E500C-3378-4F37-BD13-49B8947788B8}.Release|Any CPU.ActiveCfg = Release|Any CPU
		{944E500C-3378-4F37-BD13-49B8947788B8}.Release|Any CPU.Build.0 = Release|Any CPU
		{91FD683C-A348-4DE6-AF13-94358963BAE6}.Debug|Any CPU.ActiveCfg = Debug|Any CPU
		{91FD683C-A348-4DE6-AF13-94358963BAE6}.Debug|Any CPU.Build.0 = Debug|Any CPU
		{91FD683C-A348-4DE6-AF13-94358963BAE6}.Release|Any CPU.ActiveCfg = Release|Any CPU
		{91FD683C-A348-4DE6-AF13-94358963BAE6}.Release|Any CPU.Build.0 = Release|Any CPU
		{272AE1DE-B87B-4D8D-853E-C490F4ECE214}.Debug|Any CPU.ActiveCfg = Debug|Any CPU
		{272AE1DE-B87B-4D8D-853E-C490F4ECE214}.Debug|Any CPU.Build.0 = Debug|Any CPU
		{272AE1DE-B87B-4D8D-853E-C490F4ECE214}.Release|Any CPU.ActiveCfg = Release|Any CPU
		{272AE1DE-B87B-4D8D-853E-C490F4ECE214}.Release|Any CPU.Build.0 = Release|Any CPU
	EndGlobalSection
	GlobalSection(SolutionProperties) = preSolution
		HideSolutionNode = FALSE
	EndGlobalSection
	GlobalSection(ExtensibilityGlobals) = postSolution
		SolutionGuid = {A68AE094-17EA-40A5-B97D-BB0EB6E55837}
	EndGlobalSection
EndGlobal
