
Microsoft Visual Studio Solution File, Format Version 12.00
# Visual Studio Version 16
VisualStudioVersion = 16.0.30105.148
MinimumVisualStudioVersion = 10.0.40219.1
Project("{2150E333-8FDC-42A3-9474-1A3956D46DE8}") = "22Feb2020", "22Feb2020", "{FD66EBDA-750E-4B03-9BE8-851ACC9A87C9}"
EndProject
Project("{FAE04EC0-301F-11D3-BF4B-00C04F79EFBC}") = "Lootbox", "Lootbox\Lootbox.csproj", "{6747CB23-0269-4516-B53D-F6DF414FDA52}"
EndProject
Global
	GlobalSection(SolutionConfigurationPlatforms) = preSolution
		Debug|Any CPU = Debug|Any CPU
		Release|Any CPU = Release|Any CPU
	EndGlobalSection
	GlobalSection(ProjectConfigurationPlatforms) = postSolution
		{6747CB23-0269-4516-B53D-F6DF414FDA52}.Debug|Any CPU.ActiveCfg = Debug|Any CPU
		{6747CB23-0269-4516-B53D-F6DF414FDA52}.Debug|Any CPU.Build.0 = Debug|Any CPU
		{6747CB23-0269-4516-B53D-F6DF414FDA52}.Release|Any CPU.ActiveCfg = Release|Any CPU
		{6747CB23-0269-4516-B53D-F6DF414FDA52}.Release|Any CPU.Build.0 = Release|Any CPU
	EndGlobalSection
	GlobalSection(SolutionProperties) = preSolution
		HideSolutionNode = FALSE
	EndGlobalSection
	GlobalSection(NestedProjects) = preSolution
		{6747CB23-0269-4516-B53D-F6DF414FDA52} = {FD66EBDA-750E-4B03-9BE8-851ACC9A87C9}
	EndGlobalSection
	GlobalSection(ExtensibilityGlobals) = postSolution
		SolutionGuid = {87164E95-BF4C-4449-85BD-BCD7ABEC04CA}
	EndGlobalSection
EndGlobal
