
Microsoft Visual Studio Solution File, Format Version 12.00
# Visual Studio Version 16
VisualStudioVersion = 16.0.30105.148
MinimumVisualStudioVersion = 10.0.40219.1
Project("{2150E333-8FDC-42A3-9474-1A3956D46DE8}") = "22Feb2020", "22Feb2020", "{FD66EBDA-750E-4B03-9BE8-851ACC9A87C9}"
EndProject
Project("{FAE04EC0-301F-11D3-BF4B-00C04F79EFBC}") = "Lootbox", "Lootbox\Lootbox.csproj", "{6747CB23-0269-4516-B53D-F6DF414FDA52}"
EndProject
Project("{FAE04EC0-301F-11D3-BF4B-00C04F79EFBC}") = "Re-Volt", "Re-Volt\Re-Volt.csproj", "{1CC54336-EACE-46B7-8B88-DF79FBE7331F}"
EndProject
Project("{FAE04EC0-301F-11D3-BF4B-00C04F79EFBC}") = "Guild", "Guild\Guild.csproj", "{F731C729-50B1-4632-9D68-674BD0E18C98}"
EndProject
Project("{2150E333-8FDC-42A3-9474-1A3956D46DE8}") = "17December2019", "17December2019", "{2F781414-D946-44A8-9DCE-2B70E4BBE9EC}"
EndProject
Project("{FAE04EC0-301F-11D3-BF4B-00C04F79EFBC}") = "Santa'sPresentFactory", "Santa'sPresentFactory\Santa'sPresentFactory.csproj", "{FD6ED50C-E358-4D36-87A1-BF868342BB38}"
EndProject
Global
	GlobalSection(SolutionConfigurationPlatforms) = preSolution
		Debug|Any CPU = Debug|Any CPU
		Release|Any CPU = Release|Any CPU
	EndGlobalSection
	GlobalSection(ProjectConfigurationPlatforms) = postSolution
		{6747CB23-0269-4516-B53D-F6DF414FDA52}.Debug|Any CPU.ActiveCfg = Debug|Any CPU
		{6747CB23-0269-4516-B53D-F6DF414FDA52}.Debug|Any CPU.Build.0 = Debug|Any CPU
		{6747CB23-0269-4516-B53D-F6DF414FDA52}.Release|Any CPU.ActiveCfg = Release|Any CPU
		{6747CB23-0269-4516-B53D-F6DF414FDA52}.Release|Any CPU.Build.0 = Release|Any CPU
		{1CC54336-EACE-46B7-8B88-DF79FBE7331F}.Debug|Any CPU.ActiveCfg = Debug|Any CPU
		{1CC54336-EACE-46B7-8B88-DF79FBE7331F}.Debug|Any CPU.Build.0 = Debug|Any CPU
		{1CC54336-EACE-46B7-8B88-DF79FBE7331F}.Release|Any CPU.ActiveCfg = Release|Any CPU
		{1CC54336-EACE-46B7-8B88-DF79FBE7331F}.Release|Any CPU.Build.0 = Release|Any CPU
		{F731C729-50B1-4632-9D68-674BD0E18C98}.Debug|Any CPU.ActiveCfg = Debug|Any CPU
		{F731C729-50B1-4632-9D68-674BD0E18C98}.Debug|Any CPU.Build.0 = Debug|Any CPU
		{F731C729-50B1-4632-9D68-674BD0E18C98}.Release|Any CPU.ActiveCfg = Release|Any CPU
		{F731C729-50B1-4632-9D68-674BD0E18C98}.Release|Any CPU.Build.0 = Release|Any CPU
		{FD6ED50C-E358-4D36-87A1-BF868342BB38}.Debug|Any CPU.ActiveCfg = Debug|Any CPU
		{FD6ED50C-E358-4D36-87A1-BF868342BB38}.Debug|Any CPU.Build.0 = Debug|Any CPU
		{FD6ED50C-E358-4D36-87A1-BF868342BB38}.Release|Any CPU.ActiveCfg = Release|Any CPU
		{FD6ED50C-E358-4D36-87A1-BF868342BB38}.Release|Any CPU.Build.0 = Release|Any CPU
	EndGlobalSection
	GlobalSection(SolutionProperties) = preSolution
		HideSolutionNode = FALSE
	EndGlobalSection
	GlobalSection(NestedProjects) = preSolution
		{6747CB23-0269-4516-B53D-F6DF414FDA52} = {FD66EBDA-750E-4B03-9BE8-851ACC9A87C9}
		{1CC54336-EACE-46B7-8B88-DF79FBE7331F} = {FD66EBDA-750E-4B03-9BE8-851ACC9A87C9}
		{F731C729-50B1-4632-9D68-674BD0E18C98} = {FD66EBDA-750E-4B03-9BE8-851ACC9A87C9}
		{FD6ED50C-E358-4D36-87A1-BF868342BB38} = {2F781414-D946-44A8-9DCE-2B70E4BBE9EC}
	EndGlobalSection
	GlobalSection(ExtensibilityGlobals) = postSolution
		SolutionGuid = {87164E95-BF4C-4449-85BD-BCD7ABEC04CA}
	EndGlobalSection
EndGlobal
