
Microsoft Visual Studio Solution File, Format Version 12.00
# Visual Studio Version 16
VisualStudioVersion = 16.0.30001.183
MinimumVisualStudioVersion = 10.0.40219.1
Project("{FAE04EC0-301F-11D3-BF4B-00C04F79EFBC}") = "DiagonalDifference", "DiagonalDifference\DiagonalDifference.csproj", "{60E949CC-030B-482C-9D2E-72C545D0A738}"
EndProject
Project("{FAE04EC0-301F-11D3-BF4B-00C04F79EFBC}") = "SquaresInMatrix", "SquaresInMatrix\SquaresInMatrix.csproj", "{B97FEDCC-6140-4C8E-8664-4ED2C0B32E24}"
EndProject
Project("{FAE04EC0-301F-11D3-BF4B-00C04F79EFBC}") = "MaximalSum", "MaximalSum\MaximalSum.csproj", "{8CB3A4A1-30AA-482D-8151-98E7ECCCC420}"
EndProject
Global
	GlobalSection(SolutionConfigurationPlatforms) = preSolution
		Debug|Any CPU = Debug|Any CPU
		Release|Any CPU = Release|Any CPU
	EndGlobalSection
	GlobalSection(ProjectConfigurationPlatforms) = postSolution
		{60E949CC-030B-482C-9D2E-72C545D0A738}.Debug|Any CPU.ActiveCfg = Debug|Any CPU
		{60E949CC-030B-482C-9D2E-72C545D0A738}.Debug|Any CPU.Build.0 = Debug|Any CPU
		{60E949CC-030B-482C-9D2E-72C545D0A738}.Release|Any CPU.ActiveCfg = Release|Any CPU
		{60E949CC-030B-482C-9D2E-72C545D0A738}.Release|Any CPU.Build.0 = Release|Any CPU
		{B97FEDCC-6140-4C8E-8664-4ED2C0B32E24}.Debug|Any CPU.ActiveCfg = Debug|Any CPU
		{B97FEDCC-6140-4C8E-8664-4ED2C0B32E24}.Debug|Any CPU.Build.0 = Debug|Any CPU
		{B97FEDCC-6140-4C8E-8664-4ED2C0B32E24}.Release|Any CPU.ActiveCfg = Release|Any CPU
		{B97FEDCC-6140-4C8E-8664-4ED2C0B32E24}.Release|Any CPU.Build.0 = Release|Any CPU
		{8CB3A4A1-30AA-482D-8151-98E7ECCCC420}.Debug|Any CPU.ActiveCfg = Debug|Any CPU
		{8CB3A4A1-30AA-482D-8151-98E7ECCCC420}.Debug|Any CPU.Build.0 = Debug|Any CPU
		{8CB3A4A1-30AA-482D-8151-98E7ECCCC420}.Release|Any CPU.ActiveCfg = Release|Any CPU
		{8CB3A4A1-30AA-482D-8151-98E7ECCCC420}.Release|Any CPU.Build.0 = Release|Any CPU
	EndGlobalSection
	GlobalSection(SolutionProperties) = preSolution
		HideSolutionNode = FALSE
	EndGlobalSection
	GlobalSection(ExtensibilityGlobals) = postSolution
		SolutionGuid = {61DF8F83-F168-4877-A6BE-3798FC1F0C05}
	EndGlobalSection
EndGlobal
