
Microsoft Visual Studio Solution File, Format Version 12.00
# Visual Studio Version 16
VisualStudioVersion = 16.0.30223.230
MinimumVisualStudioVersion = 10.0.40219.1
Project("{FAE04EC0-301F-11D3-BF4B-00C04F79EFBC}") = "UnitTestingSkeleton", "UnitTestingSkeleton\UnitTestingSkeleton.csproj", "{7C474715-67CC-4480-8C9F-1EC913BB3FE2}"
EndProject
Project("{FAE04EC0-301F-11D3-BF4B-00C04F79EFBC}") = "UnitTestingSkeletonTests", "UnitTestingSkeletonTests\UnitTestingSkeletonTests.csproj", "{3EADC2DF-A37E-432D-9A6D-39AA5B7DB0C3}"
EndProject
Global
	GlobalSection(SolutionConfigurationPlatforms) = preSolution
		Debug|Any CPU = Debug|Any CPU
		Release|Any CPU = Release|Any CPU
	EndGlobalSection
	GlobalSection(ProjectConfigurationPlatforms) = postSolution
		{7C474715-67CC-4480-8C9F-1EC913BB3FE2}.Debug|Any CPU.ActiveCfg = Debug|Any CPU
		{7C474715-67CC-4480-8C9F-1EC913BB3FE2}.Debug|Any CPU.Build.0 = Debug|Any CPU
		{7C474715-67CC-4480-8C9F-1EC913BB3FE2}.Release|Any CPU.ActiveCfg = Release|Any CPU
		{7C474715-67CC-4480-8C9F-1EC913BB3FE2}.Release|Any CPU.Build.0 = Release|Any CPU
		{3EADC2DF-A37E-432D-9A6D-39AA5B7DB0C3}.Debug|Any CPU.ActiveCfg = Debug|Any CPU
		{3EADC2DF-A37E-432D-9A6D-39AA5B7DB0C3}.Debug|Any CPU.Build.0 = Debug|Any CPU
		{3EADC2DF-A37E-432D-9A6D-39AA5B7DB0C3}.Release|Any CPU.ActiveCfg = Release|Any CPU
		{3EADC2DF-A37E-432D-9A6D-39AA5B7DB0C3}.Release|Any CPU.Build.0 = Release|Any CPU
	EndGlobalSection
	GlobalSection(SolutionProperties) = preSolution
		HideSolutionNode = FALSE
	EndGlobalSection
	GlobalSection(ExtensibilityGlobals) = postSolution
		SolutionGuid = {F330F9F3-B442-40E5-957A-C051A25AACCB}
	EndGlobalSection
EndGlobal
